<?xml version="1.0" encoding="utf-8"?>
<Project ToolsVersion="4.0" xmlns="http://schemas.microsoft.com/developer/msbuild/2003">
  <ItemGroup>
    <Filter Include="Source Files">
      <UniqueIdentifier>{4FC737F1-C7A5-4376-A066-2A32D752A2FF}</UniqueIdentifier>
      <Extensions>cpp;c;cc;cxx;def;odl;idl;hpj;bat;asm;asmx</Extensions>
    </Filter>
    <Filter Include="Header Files">
      <UniqueIdentifier>{93995380-89BD-4b04-88EB-625FBE52EBFB}</UniqueIdentifier>
      <Extensions>h;hh;hpp;hxx;hm;inl;inc;ipp;xsd</Extensions>
    </Filter>
    <Filter Include="Resource Files">
      <UniqueIdentifier>{67DA6AB6-F800-4c08-8B7A-83BB121AAD01}</UniqueIdentifier>
      <Extensions>rc;ico;cur;bmp;dlg;rc2;rct;bin;rgs;gif;jpg;jpeg;jpe;resx;tiff;tif;png;wav;mfcribbon-ms</Extensions>
    </Filter>
    <Filter Include="Source Files\glad">
      <UniqueIdentifier>{ae8027bd-49bb-4dbd-8cb2-73f265be410f}</UniqueIdentifier>
    </Filter>
    <Filter Include="Source Files\Core">
      <UniqueIdentifier>{cd8c5fa4-9fd6-4fed-b3dc-eae9c9b55821}</UniqueIdentifier>
    </Filter>
    <Filter Include="Header Files\Core">
      <UniqueIdentifier>{dcdaf431-c83f-44f4-bc01-56a2a44b9cce}</UniqueIdentifier>
    </Filter>
    <Filter Include="Header Files\Subsystems">
      <UniqueIdentifier>{8f09908d-84c0-4f4a-946d-45b30bc0110c}</UniqueIdentifier>
    </Filter>
    <Filter Include="Header Files\Subsystems\Logging">
      <UniqueIdentifier>{17f6053b-8887-4d46-ad37-fb6b50d62950}</UniqueIdentifier>
    </Filter>
    <Filter Include="Source Files\Subsystems">
      <UniqueIdentifier>{24d86a75-306b-4948-a147-4b3ae45809c6}</UniqueIdentifier>
    </Filter>
    <Filter Include="Source Files\Subsystems\Logging">
      <UniqueIdentifier>{2c26891e-a59b-42a0-bc31-3cab940546f7}</UniqueIdentifier>
    </Filter>
    <Filter Include="Source Files\Subsystems\Input">
      <UniqueIdentifier>{3dfcb8a2-e48b-4c67-890c-eb1dc8b28bfb}</UniqueIdentifier>
    </Filter>
    <Filter Include="Header Files\Subsystems\Input">
      <UniqueIdentifier>{fc516dc8-3917-4ddb-aca5-48356651fd84}</UniqueIdentifier>
    </Filter>
    <Filter Include="Header Files\Subsystems\Renderer">
      <UniqueIdentifier>{a3fbdd00-2ca5-49d5-829f-6483ad138807}</UniqueIdentifier>
    </Filter>
    <Filter Include="Source Files\Subsystems\Renderer">
      <UniqueIdentifier>{9de445f4-10b6-4a35-b991-8c9bb101787d}</UniqueIdentifier>
    </Filter>
    <Filter Include="Header Files\Subsystems\Math">
      <UniqueIdentifier>{fce44ea3-927f-486f-976c-c0764f480c3c}</UniqueIdentifier>
    </Filter>
    <Filter Include="Source Files\Subsystems\Math">
      <UniqueIdentifier>{944a9d4e-0846-41bf-bd6f-0a48a70c4233}</UniqueIdentifier>
    </Filter>
    <Filter Include="Header Files\Subsystems\Math\Vector">
      <UniqueIdentifier>{d64ba0c4-10f0-41e8-9891-b61187168aa6}</UniqueIdentifier>
    </Filter>
    <Filter Include="Header Files\Subsystems\Math\Matrix">
      <UniqueIdentifier>{27542c3c-9223-4f09-b9ce-32cbec6f3d21}</UniqueIdentifier>
    </Filter>
    <Filter Include="Header Files\Subsystems\Scene">
      <UniqueIdentifier>{94ceef18-9a93-462a-a964-7d3ae1f7f748}</UniqueIdentifier>
    </Filter>
    <Filter Include="Source Files\Subsystems\Scene">
      <UniqueIdentifier>{e28645f4-2103-4304-b871-19a57a5e7930}</UniqueIdentifier>
    </Filter>
    <Filter Include="Header Files\Subsystems\Math\3D Transform">
      <UniqueIdentifier>{a6091881-73e1-4ce6-8a5f-ebb869a2c2ec}</UniqueIdentifier>
    </Filter>
    <Filter Include="Header Files\Subsystems\ECS">
      <UniqueIdentifier>{3c98a4ff-3743-4a7d-9744-1200031fef92}</UniqueIdentifier>
    </Filter>
    <Filter Include="Header Files\Utility">
      <UniqueIdentifier>{9560db39-2aa9-4099-99df-6f109bb98d67}</UniqueIdentifier>
    </Filter>
    <Filter Include="Source Files\Utility">
      <UniqueIdentifier>{cb56c684-bc7a-4025-8a39-56d0374a9653}</UniqueIdentifier>
    </Filter>
  </ItemGroup>
  <ItemGroup>
    <ClCompile Include="main.cpp">
      <Filter>Source Files</Filter>
    </ClCompile>
    <ClCompile Include="Application.cpp">
      <Filter>Source Files\Core</Filter>
    </ClCompile>
    <ClCompile Include="Engine.cpp">
      <Filter>Source Files\Core</Filter>
    </ClCompile>
    <ClCompile Include="LogSystem.cpp">
      <Filter>Source Files\Subsystems\Logging</Filter>
    </ClCompile>
    <ClCompile Include="glad\src\glad.c">
      <Filter>Source Files\glad</Filter>
    </ClCompile>
    <ClCompile Include="ErrorHandler.cpp">
      <Filter>Source Files\Core</Filter>
    </ClCompile>
    <ClCompile Include="Input.cpp">
      <Filter>Source Files\Subsystems\Input</Filter>
    </ClCompile>
    <ClCompile Include="Renderer.cpp">
      <Filter>Source Files\Subsystems\Renderer</Filter>
    </ClCompile>
    <ClCompile Include="Framebuffer.cpp">
      <Filter>Source Files\Subsystems\Renderer</Filter>
    </ClCompile>
    <ClCompile Include="RandomEngine.cpp">
      <Filter>Source Files\Subsystems\Math</Filter>
    </ClCompile>
    <ClCompile Include="Shader.cpp">
      <Filter>Source Files\Subsystems\Renderer</Filter>
    </ClCompile>
    <ClCompile Include="Viewport.cpp">
      <Filter>Source Files\Subsystems\Renderer</Filter>
    </ClCompile>
    <ClCompile Include="VertexArray.cpp">
      <Filter>Source Files\Subsystems\Renderer</Filter>
    </ClCompile>
    <ClCompile Include="Scene.cpp">
      <Filter>Source Files\Subsystems\Scene</Filter>
    </ClCompile>
    <ClCompile Include="SceneObject.cpp">
      <Filter>Source Files\Subsystems\Scene</Filter>
    </ClCompile>
    <ClCompile Include="OpenGL.cpp">
      <Filter>Source Files\Subsystems\Renderer</Filter>
    </ClCompile>
    <ClCompile Include="Utility.cpp">
      <Filter>Source Files\Utility</Filter>
    </ClCompile>
  </ItemGroup>
  <ItemGroup>
    <ClInclude Include="Application.hpp">
      <Filter>Header Files\Core</Filter>
    </ClInclude>
    <ClInclude Include="Engine.hpp">
      <Filter>Header Files\Core</Filter>
    </ClInclude>
    <ClInclude Include="LogSystem.hpp">
      <Filter>Header Files\Subsystems\Logging</Filter>
    </ClInclude>
    <ClInclude Include="rang.hpp">
      <Filter>Header Files\Subsystems\Logging</Filter>
    </ClInclude>
    <ClInclude Include="ErrorHandler.hpp">
      <Filter>Header Files\Core</Filter>
    </ClInclude>
    <ClInclude Include="Input.hpp">
      <Filter>Header Files\Subsystems\Input</Filter>
    </ClInclude>
    <ClInclude Include="Renderer.hpp">
      <Filter>Header Files\Subsystems\Renderer</Filter>
    </ClInclude>
    <ClInclude Include="Framebuffer.hpp">
      <Filter>Header Files\Subsystems\Renderer</Filter>
    </ClInclude>
    <ClInclude Include="OpenGL.hpp">
      <Filter>Header Files\Subsystems\Renderer</Filter>
    </ClInclude>
    <ClInclude Include="RandomEngine.hpp">
      <Filter>Header Files\Subsystems\Math</Filter>
    </ClInclude>
    <ClInclude Include="Math.hpp">
      <Filter>Header Files\Subsystems\Math</Filter>
    </ClInclude>
    <ClInclude Include="Shader.hpp">
      <Filter>Header Files\Subsystems\Renderer</Filter>
    </ClInclude>
    <ClInclude Include="Viewport.hpp">
      <Filter>Header Files\Subsystems\Renderer</Filter>
    </ClInclude>
    <ClInclude Include="Vector.hpp">
      <Filter>Header Files\Subsystems\Math\Vector</Filter>
    </ClInclude>
    <ClInclude Include="VecBase.hpp">
      <Filter>Header Files\Subsystems\Math\Vector</Filter>
    </ClInclude>
    <ClInclude Include="Vec1.hpp">
      <Filter>Header Files\Subsystems\Math\Vector</Filter>
    </ClInclude>
    <ClInclude Include="Vec2.hpp">
      <Filter>Header Files\Subsystems\Math\Vector</Filter>
    </ClInclude>
    <ClInclude Include="Vec3.hpp">
      <Filter>Header Files\Subsystems\Math\Vector</Filter>
    </ClInclude>
    <ClInclude Include="Vec4.hpp">
      <Filter>Header Files\Subsystems\Math\Vector</Filter>
    </ClInclude>
    <ClInclude Include="VecMath.hpp">
      <Filter>Header Files\Subsystems\Math\Vector</Filter>
    </ClInclude>
    <ClInclude Include="ConstexprMath.hpp">
      <Filter>Header Files\Subsystems\Math</Filter>
    </ClInclude>
    <ClInclude Include="Matrix.hpp">
      <Filter>Header Files\Subsystems\Math\Matrix</Filter>
    </ClInclude>
    <ClInclude Include="VertexArray.hpp">
      <Filter>Header Files\Subsystems\Renderer</Filter>
    </ClInclude>
    <ClInclude Include="Scene.hpp">
      <Filter>Header Files\Subsystems\Scene</Filter>
    </ClInclude>
    <ClInclude Include="SceneObject.hpp">
      <Filter>Header Files\Subsystems\Scene</Filter>
    </ClInclude>
    <ClInclude Include="SceneGraph.hpp">
      <Filter>Header Files\Subsystems\Scene</Filter>
    </ClInclude>
    <ClInclude Include="bind_guard.hpp">
      <Filter>Header Files\Subsystems\Renderer</Filter>
    </ClInclude>
    <ClInclude Include="bind_tracker.hpp">
      <Filter>Header Files\Subsystems\Renderer</Filter>
    </ClInclude>
    <ClInclude Include="LinearTransform.hpp">
      <Filter>Header Files\Subsystems\Math\3D Transform</Filter>
    </ClInclude>
    <ClInclude Include="Trig.hpp">
      <Filter>Header Files\Subsystems\Math</Filter>
    </ClInclude>
    <ClInclude Include="math_traits.hpp">
      <Filter>Header Files\Subsystems\Math</Filter>
    </ClInclude>
    <ClInclude Include="Exceptions.hpp">
      <Filter>Header Files\Utility</Filter>
    </ClInclude>
    <ClInclude Include="Utility.hpp">
      <Filter>Header Files\Utility</Filter>
    </ClInclude>
    <ClInclude Include="type_erased.hpp">
      <Filter>Header Files\Utility</Filter>
    </ClInclude>
    <ClInclude Include="component_container.hpp">
      <Filter>Header Files\Subsystems\ECS</Filter>
    </ClInclude>
    <ClInclude Include="component_index.hpp">
      <Filter>Header Files\Subsystems\ECS</Filter>
    </ClInclude>
  </ItemGroup>
</Project>