<?xml version="1.0" encoding="utf-8"?>
<Project ToolsVersion="4.0" xmlns="http://schemas.microsoft.com/developer/msbuild/2003">
  <ItemGroup>
    <Filter Include="Source Files">
      <UniqueIdentifier>{4FC737F1-C7A5-4376-A066-2A32D752A2FF}</UniqueIdentifier>
      <Extensions>cpp;c;cc;cxx;def;odl;idl;hpj;bat;asm;asmx</Extensions>
    </Filter>
    <Filter Include="Header Files">
      <UniqueIdentifier>{93995380-89BD-4b04-88EB-625FBE52EBFB}</UniqueIdentifier>
      <Extensions>h;hh;hpp;hxx;hm;inl;inc;ipp;xsd</Extensions>
    </Filter>
    <Filter Include="Resource Files">
      <UniqueIdentifier>{67DA6AB6-F800-4c08-8B7A-83BB121AAD01}</UniqueIdentifier>
      <Extensions>rc;ico;cur;bmp;dlg;rc2;rct;bin;rgs;gif;jpg;jpeg;jpe;resx;tiff;tif;png;wav;mfcribbon-ms</Extensions>
    </Filter>
    <Filter Include="Source Files\glad">
      <UniqueIdentifier>{ae8027bd-49bb-4dbd-8cb2-73f265be410f}</UniqueIdentifier>
    </Filter>
    <Filter Include="Source Files\Core">
      <UniqueIdentifier>{cd8c5fa4-9fd6-4fed-b3dc-eae9c9b55821}</UniqueIdentifier>
    </Filter>
    <Filter Include="Header Files\Core">
      <UniqueIdentifier>{dcdaf431-c83f-44f4-bc01-56a2a44b9cce}</UniqueIdentifier>
    </Filter>
    <Filter Include="Header Files\Subsystems">
      <UniqueIdentifier>{8f09908d-84c0-4f4a-946d-45b30bc0110c}</UniqueIdentifier>
    </Filter>
    <Filter Include="Header Files\Subsystems\Logging">
      <UniqueIdentifier>{17f6053b-8887-4d46-ad37-fb6b50d62950}</UniqueIdentifier>
    </Filter>
    <Filter Include="Source Files\Subsystems">
      <UniqueIdentifier>{24d86a75-306b-4948-a147-4b3ae45809c6}</UniqueIdentifier>
    </Filter>
    <Filter Include="Source Files\Subsystems\Logging">
      <UniqueIdentifier>{2c26891e-a59b-42a0-bc31-3cab940546f7}</UniqueIdentifier>
    </Filter>
    <Filter Include="Source Files\Subsystems\Input">
      <UniqueIdentifier>{3dfcb8a2-e48b-4c67-890c-eb1dc8b28bfb}</UniqueIdentifier>
    </Filter>
    <Filter Include="Header Files\Subsystems\Input">
      <UniqueIdentifier>{fc516dc8-3917-4ddb-aca5-48356651fd84}</UniqueIdentifier>
    </Filter>
    <Filter Include="Header Files\Subsystems\Renderer">
      <UniqueIdentifier>{a3fbdd00-2ca5-49d5-829f-6483ad138807}</UniqueIdentifier>
    </Filter>
    <Filter Include="Source Files\Subsystems\Renderer">
      <UniqueIdentifier>{9de445f4-10b6-4a35-b991-8c9bb101787d}</UniqueIdentifier>
    </Filter>
  </ItemGroup>
  <ItemGroup>
    <ClCompile Include="main.cpp">
      <Filter>Source Files</Filter>
    </ClCompile>
    <ClCompile Include="Application.cpp">
      <Filter>Source Files\Core</Filter>
    </ClCompile>
    <ClCompile Include="Engine.cpp">
      <Filter>Source Files\Core</Filter>
    </ClCompile>
    <ClCompile Include="LogSystem.cpp">
      <Filter>Source Files\Subsystems\Logging</Filter>
    </ClCompile>
    <ClCompile Include="glad\src\glad.c">
      <Filter>Source Files\glad</Filter>
    </ClCompile>
    <ClCompile Include="ErrorHandler.cpp">
      <Filter>Source Files\Core</Filter>
    </ClCompile>
    <ClCompile Include="Input.cpp">
      <Filter>Source Files\Subsystems\Input</Filter>
    </ClCompile>
    <ClCompile Include="Renderer.cpp">
      <Filter>Source Files\Subsystems\Renderer</Filter>
    </ClCompile>
  </ItemGroup>
  <ItemGroup>
    <ClInclude Include="Application.hpp">
      <Filter>Header Files\Core</Filter>
    </ClInclude>
    <ClInclude Include="Engine.hpp">
      <Filter>Header Files\Core</Filter>
    </ClInclude>
    <ClInclude Include="LogSystem.hpp">
      <Filter>Header Files\Subsystems\Logging</Filter>
    </ClInclude>
    <ClInclude Include="rang.hpp">
      <Filter>Header Files\Subsystems\Logging</Filter>
    </ClInclude>
    <ClInclude Include="Utility.hpp">
      <Filter>Header Files</Filter>
    </ClInclude>
    <ClInclude Include="ErrorHandler.hpp">
      <Filter>Header Files\Core</Filter>
    </ClInclude>
    <ClInclude Include="Input.hpp">
      <Filter>Header Files\Subsystems\Input</Filter>
    </ClInclude>
    <ClInclude Include="Renderer.hpp">
      <Filter>Header Files\Subsystems\Renderer</Filter>
    </ClInclude>
  </ItemGroup>
</Project>