<?xml version="1.0" encoding="utf-8"?>
<Project ToolsVersion="4.0" xmlns="http://schemas.microsoft.com/developer/msbuild/2003">
  <ItemGroup>
    <Filter Include="Source Files">
      <UniqueIdentifier>{4FC737F1-C7A5-4376-A066-2A32D752A2FF}</UniqueIdentifier>
      <Extensions>cpp;c;cc;cxx;def;odl;idl;hpj;bat;asm;asmx</Extensions>
    </Filter>
    <Filter Include="Header Files">
      <UniqueIdentifier>{93995380-89BD-4b04-88EB-625FBE52EBFB}</UniqueIdentifier>
      <Extensions>h;hh;hpp;hxx;hm;inl;inc;ipp;xsd</Extensions>
    </Filter>
    <Filter Include="Resource Files">
      <UniqueIdentifier>{67DA6AB6-F800-4c08-8B7A-83BB121AAD01}</UniqueIdentifier>
      <Extensions>rc;ico;cur;bmp;dlg;rc2;rct;bin;rgs;gif;jpg;jpeg;jpe;resx;tiff;tif;png;wav;mfcribbon-ms</Extensions>
    </Filter>
    <Filter Include="Source Files\Core">
      <UniqueIdentifier>{acfdbda6-b023-412f-a86b-d54d0f98c50c}</UniqueIdentifier>
    </Filter>
    <Filter Include="Source Files\Utility">
      <UniqueIdentifier>{3bb2aadd-8d8c-4259-8280-77da73e85586}</UniqueIdentifier>
    </Filter>
    <Filter Include="Source Files\glad">
      <UniqueIdentifier>{112f1775-fa49-4b7c-8bf6-2cf44e7972ed}</UniqueIdentifier>
    </Filter>
    <Filter Include="Source Files\Subsystems">
      <UniqueIdentifier>{7d3c4e0e-b424-4158-9074-ed5bbb0b012d}</UniqueIdentifier>
    </Filter>
    <Filter Include="Source Files\Subsystems\ECS">
      <UniqueIdentifier>{a08c48c1-4520-44cc-93ee-d137abefd015}</UniqueIdentifier>
    </Filter>
    <Filter Include="Source Files\Subsystems\Input">
      <UniqueIdentifier>{7ffe08d9-398a-4d6e-917c-6e5e8d02e479}</UniqueIdentifier>
    </Filter>
    <Filter Include="Source Files\Subsystems\Logging">
      <UniqueIdentifier>{3071a5c2-6454-4403-b3cb-26d95cc9cb29}</UniqueIdentifier>
    </Filter>
    <Filter Include="Source Files\Subsystems\Math">
      <UniqueIdentifier>{2d89e86f-07ce-4a8d-b772-4d537427f26c}</UniqueIdentifier>
    </Filter>
    <Filter Include="Source Files\Subsystems\Renderer">
      <UniqueIdentifier>{50c1f078-7b14-45d7-bdb0-8b8be967e78d}</UniqueIdentifier>
    </Filter>
    <Filter Include="Source Files\Subsystems\Scene">
      <UniqueIdentifier>{01958094-3573-4540-8835-f1cb3c1dc304}</UniqueIdentifier>
    </Filter>
    <Filter Include="Source Files\Subsystems\Time">
      <UniqueIdentifier>{54f192ca-3aa6-45fb-8612-4957eda358f8}</UniqueIdentifier>
    </Filter>
    <Filter Include="Source Files\Subsystems\ECS\Systems">
      <UniqueIdentifier>{1d54eaca-9024-4ad6-9b09-d6043118ad23}</UniqueIdentifier>
    </Filter>
    <Filter Include="Header Files\Core">
      <UniqueIdentifier>{561e8cd5-0b86-4cdd-979f-21d64adc08de}</UniqueIdentifier>
    </Filter>
    <Filter Include="Header Files\Subsystems">
      <UniqueIdentifier>{12c7b062-f1f5-46b9-abaa-a87c40ade1ec}</UniqueIdentifier>
    </Filter>
    <Filter Include="Header Files\Utility">
      <UniqueIdentifier>{362c7b0e-31f3-4e48-9ef2-df16a82ac281}</UniqueIdentifier>
    </Filter>
    <Filter Include="Header Files\Subsystems\ECS">
      <UniqueIdentifier>{32fe629b-c520-4d7e-a94f-60a13051e373}</UniqueIdentifier>
    </Filter>
    <Filter Include="Header Files\Subsystems\Input">
      <UniqueIdentifier>{86e1973a-da59-4c85-aff1-800e1a7af93f}</UniqueIdentifier>
    </Filter>
    <Filter Include="Header Files\Subsystems\Logging">
      <UniqueIdentifier>{b2a82b35-a04c-44d6-b8e1-d6c0e1b5839d}</UniqueIdentifier>
    </Filter>
    <Filter Include="Header Files\Subsystems\Math">
      <UniqueIdentifier>{499bf911-f2b4-4803-97d2-dc5f1d7367f4}</UniqueIdentifier>
    </Filter>
    <Filter Include="Header Files\Subsystems\Time">
      <UniqueIdentifier>{26c3832e-3646-4a09-a5f7-b03ae167f347}</UniqueIdentifier>
    </Filter>
    <Filter Include="Header Files\Subsystems\Scene">
      <UniqueIdentifier>{637c5d38-20e4-4232-aa61-fc178ff72a41}</UniqueIdentifier>
    </Filter>
    <Filter Include="Header Files\Subsystems\Renderer">
      <UniqueIdentifier>{86cc916d-bbd4-41d3-9a80-ac73aaf286fc}</UniqueIdentifier>
    </Filter>
    <Filter Include="Header Files\Subsystems\ECS\Components">
      <UniqueIdentifier>{18fe05da-9f1a-441c-bd79-eb9bd63ec238}</UniqueIdentifier>
    </Filter>
    <Filter Include="Header Files\Subsystems\ECS\Systems">
      <UniqueIdentifier>{499e7743-8476-4da4-adc5-100cf9b69e20}</UniqueIdentifier>
    </Filter>
    <Filter Include="Header Files\Subsystems\AssetManager">
      <UniqueIdentifier>{7f02a9a8-b2e1-4a16-8410-baed16fc74f8}</UniqueIdentifier>
    </Filter>
    <Filter Include="Source Files\Subsystems\AssetManager">
      <UniqueIdentifier>{404a3b8b-f316-48cf-bad1-e534ab1e86ce}</UniqueIdentifier>
    </Filter>
    <Filter Include="Source Files\Subsystems\ECS\Components">
      <UniqueIdentifier>{5947194c-11fc-4371-82c2-90b98a10749a}</UniqueIdentifier>
    </Filter>
  </ItemGroup>
  <ItemGroup>
    <ClCompile Include="main.cpp">
      <Filter>Source Files</Filter>
    </ClCompile>
    <ClCompile Include="src\Core\Application.cpp">
      <Filter>Source Files\Core</Filter>
    </ClCompile>
    <ClCompile Include="src\Core\Engine.cpp">
      <Filter>Source Files\Core</Filter>
    </ClCompile>
    <ClCompile Include="glad\src\glad.c">
      <Filter>Source Files\glad</Filter>
    </ClCompile>
    <ClCompile Include="src\Core\ErrorHandler.cpp">
      <Filter>Source Files\Core</Filter>
    </ClCompile>
    <ClCompile Include="src\Utility\Utility.cpp">
      <Filter>Source Files\Utility</Filter>
    </ClCompile>
    <ClCompile Include="src\Subsystems\ECS\Systems\CameraZoomControllerSystem.cpp">
      <Filter>Source Files\Subsystems\ECS\Systems</Filter>
    </ClCompile>
    <ClCompile Include="src\Subsystems\ECS\component_container.cpp">
      <Filter>Source Files\Subsystems\ECS</Filter>
    </ClCompile>
    <ClCompile Include="src\Subsystems\Renderer\Framebuffer.cpp">
      <Filter>Source Files\Subsystems\Renderer</Filter>
    </ClCompile>
    <ClCompile Include="src\Subsystems\ECS\Systems\FPSCameraControllerSystem.cpp">
      <Filter>Source Files\Subsystems\ECS\Systems</Filter>
    </ClCompile>
    <ClCompile Include="src\Subsystems\ECS\Systems\FreeLookControllerSystem.cpp">
      <Filter>Source Files\Subsystems\ECS\Systems</Filter>
    </ClCompile>
    <ClCompile Include="src\Subsystems\Input\Input.cpp">
      <Filter>Source Files\Subsystems\Input</Filter>
    </ClCompile>
    <ClCompile Include="src\Subsystems\Logging\LogSystem.cpp">
      <Filter>Source Files\Subsystems\Logging</Filter>
    </ClCompile>
    <ClCompile Include="src\Subsystems\Renderer\OpenGL.cpp">
      <Filter>Source Files\Subsystems\Renderer</Filter>
    </ClCompile>
    <ClCompile Include="src\Subsystems\Math\RandomEngine.cpp">
      <Filter>Source Files\Subsystems\Math</Filter>
    </ClCompile>
    <ClCompile Include="src\Subsystems\Renderer\Renderer.cpp">
      <Filter>Source Files\Subsystems\Renderer</Filter>
    </ClCompile>
    <ClCompile Include="src\Subsystems\Scene\Scene.cpp">
      <Filter>Source Files\Subsystems\Scene</Filter>
    </ClCompile>
    <ClCompile Include="src\Subsystems\Scene\SceneObject.cpp">
      <Filter>Source Files\Subsystems\Scene</Filter>
    </ClCompile>
    <ClCompile Include="src\Subsystems\Renderer\Shader.cpp">
      <Filter>Source Files\Subsystems\Renderer</Filter>
    </ClCompile>
    <ClCompile Include="src\Subsystems\ECS\Systems\SystemBase.cpp">
      <Filter>Source Files\Subsystems\ECS\Systems</Filter>
    </ClCompile>
    <ClCompile Include="src\Subsystems\Time\Time.cpp">
      <Filter>Source Files\Subsystems\Time</Filter>
    </ClCompile>
    <ClCompile Include="src\Subsystems\Renderer\VertexArray.cpp">
      <Filter>Source Files\Subsystems\Renderer</Filter>
    </ClCompile>
    <ClCompile Include="src\Subsystems\Renderer\Viewport.cpp">
      <Filter>Source Files\Subsystems\Renderer</Filter>
    </ClCompile>
    <ClCompile Include="src\Subsystems\AssetManager\ResourceLoaders.cpp">
      <Filter>Source Files\Subsystems\AssetManager</Filter>
    </ClCompile>
    <ClCompile Include="src\Subsystems\Renderer\Mesh.cpp">
      <Filter>Source Files\Subsystems\Renderer</Filter>
    </ClCompile>
    <ClCompile Include="src\Subsystems\Renderer\Texture.cpp">
      <Filter>Source Files\Subsystems\Renderer</Filter>
    </ClCompile>
    <ClCompile Include="src\Subsystems\Renderer\stbi_image.cpp">
      <Filter>Source Files\Subsystems\Renderer</Filter>
    </ClCompile>
    <ClCompile Include="src\Subsystems\Renderer\UniformBuffer.cpp">
      <Filter>Source Files\Subsystems\Renderer</Filter>
    </ClCompile>
    <ClCompile Include="src\Subsystems\Renderer\PostProcessing.cpp">
      <Filter>Source Files\Subsystems\Renderer</Filter>
    </ClCompile>
    <ClCompile Include="src\Subsystems\ECS\Systems\ParticleSystem.cpp">
      <Filter>Source Files\Subsystems\ECS\Systems</Filter>
    </ClCompile>
    <ClCompile Include="src\Subsystems\Math\Curve.cpp">
      <Filter>Source Files\Subsystems\Math</Filter>
    </ClCompile>
    <ClCompile Include="src\Utility\ColorGradient.cpp">
      <Filter>Source Files\Utility</Filter>
    </ClCompile>
    <ClCompile Include="src\Subsystems\ECS\Systems\RotatorSystem.cpp">
      <Filter>Source Files\Subsystems\ECS\Systems</Filter>
    </ClCompile>
  </ItemGroup>
  <ItemGroup>
    <ClInclude Include="include\Core\Application.hpp">
      <Filter>Header Files\Core</Filter>
    </ClInclude>
    <ClInclude Include="include\Utility\bind_guard.hpp">
      <Filter>Header Files\Utility</Filter>
    </ClInclude>
    <ClInclude Include="include\Utility\bind_tracker.hpp">
      <Filter>Header Files\Utility</Filter>
    </ClInclude>
    <ClInclude Include="include\Subsystems\ECS\Components\Camera.hpp">
      <Filter>Header Files\Subsystems\ECS\Components</Filter>
    </ClInclude>
    <ClInclude Include="include\Subsystems\ECS\Components\CameraZoomController.hpp">
      <Filter>Header Files\Subsystems\ECS\Components</Filter>
    </ClInclude>
    <ClInclude Include="include\Subsystems\ECS\Systems\CameraZoomControllerSystem.hpp">
      <Filter>Header Files\Subsystems\ECS\Systems</Filter>
    </ClInclude>
    <ClInclude Include="include\Subsystems\ECS\component_container.hpp">
      <Filter>Header Files\Subsystems\ECS</Filter>
    </ClInclude>
    <ClInclude Include="include\Subsystems\ECS\component_index.hpp">
      <Filter>Header Files\Subsystems\ECS</Filter>
    </ClInclude>
    <ClInclude Include="include\Subsystems\ECS\component_view.hpp">
      <Filter>Header Files\Subsystems\ECS</Filter>
    </ClInclude>
    <ClInclude Include="include\Subsystems\ECS\ComponentList.hpp">
      <Filter>Header Files\Subsystems\ECS</Filter>
    </ClInclude>
    <ClInclude Include="include\Subsystems\ECS\Components\ComponentBase.hpp">
      <Filter>Header Files\Subsystems\ECS\Components</Filter>
    </ClInclude>
    <ClInclude Include="include\Subsystems\ECS\Components.hpp">
      <Filter>Header Files\Subsystems\ECS</Filter>
    </ClInclude>
    <ClInclude Include="include\Subsystems\Math\ConstexprMath.hpp">
      <Filter>Header Files\Subsystems\Math</Filter>
    </ClInclude>
    <ClInclude Include="include\Subsystems\ECS\ECS.hpp">
      <Filter>Header Files\Subsystems\ECS</Filter>
    </ClInclude>
    <ClInclude Include="include\Core\Engine.hpp">
      <Filter>Header Files\Core</Filter>
    </ClInclude>
    <ClInclude Include="include\Core\ErrorHandler.hpp">
      <Filter>Header Files\Core</Filter>
    </ClInclude>
    <ClInclude Include="include\Utility\Exceptions.hpp">
      <Filter>Header Files\Utility</Filter>
    </ClInclude>
    <ClInclude Include="include\Subsystems\ECS\Components\FPSCameraController.hpp">
      <Filter>Header Files\Subsystems\ECS\Components</Filter>
    </ClInclude>
    <ClInclude Include="include\Subsystems\ECS\Systems\FPSCameraControllerSystem.hpp">
      <Filter>Header Files\Subsystems\ECS\Systems</Filter>
    </ClInclude>
    <ClInclude Include="include\Subsystems\Renderer\Framebuffer.hpp">
      <Filter>Header Files\Subsystems\Renderer</Filter>
    </ClInclude>
    <ClInclude Include="include\Subsystems\ECS\Components\FreeLookController.hpp">
      <Filter>Header Files\Subsystems\ECS\Components</Filter>
    </ClInclude>
    <ClInclude Include="include\Subsystems\ECS\Components\Transform.hpp">
      <Filter>Header Files\Subsystems\ECS\Components</Filter>
    </ClInclude>
    <ClInclude Include="include\Subsystems\ECS\Systems\FreeLookControllerSystem.hpp">
      <Filter>Header Files\Subsystems\ECS\Systems</Filter>
    </ClInclude>
    <ClInclude Include="include\Utility\IDGenerator.hpp">
      <Filter>Header Files\Utility</Filter>
    </ClInclude>
    <ClInclude Include="include\Subsystems\Input\Input.hpp">
      <Filter>Header Files\Subsystems\Input</Filter>
    </ClInclude>
    <ClInclude Include="include\Subsystems\Logging\LogSystem.hpp">
      <Filter>Header Files\Subsystems\Logging</Filter>
    </ClInclude>
    <ClInclude Include="include\Subsystems\Math\Math.hpp">
      <Filter>Header Files\Subsystems\Math</Filter>
    </ClInclude>
    <ClInclude Include="include\Subsystems\Math\math_traits.hpp">
      <Filter>Header Files\Subsystems\Math</Filter>
    </ClInclude>
    <ClInclude Include="include\Subsystems\Renderer\OpenGL.hpp">
      <Filter>Header Files\Subsystems\Renderer</Filter>
    </ClInclude>
    <ClInclude Include="include\Subsystems\Math\RandomEngine.hpp">
      <Filter>Header Files\Subsystems\Math</Filter>
    </ClInclude>
    <ClInclude Include="include\Subsystems\Logging\rang.hpp">
      <Filter>Header Files\Subsystems\Logging</Filter>
    </ClInclude>
    <ClInclude Include="include\Subsystems\Renderer\Renderer.hpp">
      <Filter>Header Files\Subsystems\Renderer</Filter>
    </ClInclude>
    <ClInclude Include="include\Subsystems\Scene\Scene.hpp">
      <Filter>Header Files\Subsystems\Scene</Filter>
    </ClInclude>
    <ClInclude Include="include\Subsystems\Scene\SceneObject.hpp">
      <Filter>Header Files\Subsystems\Scene</Filter>
    </ClInclude>
    <ClInclude Include="include\Subsystems\Renderer\Shader.hpp">
      <Filter>Header Files\Subsystems\Renderer</Filter>
    </ClInclude>
    <ClInclude Include="include\Subsystems\ECS\Systems\SystemBase.hpp">
      <Filter>Header Files\Subsystems\ECS\Systems</Filter>
    </ClInclude>
    <ClInclude Include="include\Subsystems\ECS\Systems.hpp">
      <Filter>Header Files\Subsystems\ECS</Filter>
    </ClInclude>
    <ClInclude Include="include\Subsystems\Time\Time.hpp">
      <Filter>Header Files\Subsystems\Time</Filter>
    </ClInclude>
    <ClInclude Include="include\Utility\type_erased.hpp">
      <Filter>Header Files\Utility</Filter>
    </ClInclude>
    <ClInclude Include="include\Utility\Utility.hpp">
      <Filter>Header Files\Utility</Filter>
    </ClInclude>
    <ClInclude Include="include\Subsystems\Renderer\VertexArray.hpp">
      <Filter>Header Files\Subsystems\Renderer</Filter>
    </ClInclude>
    <ClInclude Include="include\Subsystems\Renderer\Viewport.hpp">
      <Filter>Header Files\Subsystems\Renderer</Filter>
    </ClInclude>
    <ClInclude Include="include\Subsystems\AssetManager\AssetManager.hpp">
      <Filter>Header Files\Subsystems\AssetManager</Filter>
    </ClInclude>
    <ClInclude Include="include\Subsystems\AssetManager\Resource.hpp">
      <Filter>Header Files\Subsystems\AssetManager</Filter>
    </ClInclude>
    <ClInclude Include="include\Subsystems\AssetManager\ResourceLoaders.hpp">
      <Filter>Header Files\Subsystems\AssetManager</Filter>
    </ClInclude>
    <ClInclude Include="include\Subsystems\Renderer\Mesh.hpp">
      <Filter>Header Files\Subsystems\Renderer</Filter>
    </ClInclude>
    <ClInclude Include="include\Subsystems\ECS\Components\StaticMesh.hpp">
      <Filter>Header Files\Subsystems\ECS\Components</Filter>
    </ClInclude>
    <ClInclude Include="include\Subsystems\ECS\Components\Material.hpp">
      <Filter>Header Files\Subsystems\ECS\Components</Filter>
    </ClInclude>
    <ClInclude Include="include\Subsystems\Renderer\Texture.hpp">
      <Filter>Header Files\Subsystems\Renderer</Filter>
    </ClInclude>
    <ClInclude Include="include\Subsystems\Renderer\stb_image.h">
      <Filter>Header Files\Subsystems\Renderer</Filter>
    </ClInclude>
    <ClInclude Include="include\Subsystems\Renderer\UniformBuffer.hpp">
      <Filter>Header Files\Subsystems\Renderer</Filter>
    </ClInclude>
    <ClInclude Include="include\Subsystems\Renderer\PostProcessing.hpp">
      <Filter>Header Files\Subsystems\Renderer</Filter>
    </ClInclude>
    <ClInclude Include="include\Subsystems\ECS\Components\ParticleEmitter.hpp">
      <Filter>Header Files\Subsystems\ECS\Components</Filter>
    </ClInclude>
    <ClInclude Include="include\Subsystems\ECS\Systems\ParticleSystem.hpp">
      <Filter>Header Files\Subsystems\ECS\Systems</Filter>
    </ClInclude>
    <ClInclude Include="include\Subsystems\Math\Curve.hpp">
      <Filter>Header Files\Subsystems\Math</Filter>
    </ClInclude>
    <ClInclude Include="include\Subsystems\Math\NumericRange.hpp">
      <Filter>Header Files\Subsystems\Math</Filter>
    </ClInclude>
    <ClInclude Include="include\Utility\ColorGradient.hpp">
      <Filter>Header Files\Utility</Filter>
    </ClInclude>
    <ClInclude Include="include\Subsystems\ECS\Components\Rotator.hpp">
      <Filter>Header Files\Subsystems\ECS\Components</Filter>
    </ClInclude>
    <ClInclude Include="include\Subsystems\ECS\Systems\RotatorSystem.hpp">
      <Filter>Header Files\Subsystems\ECS\Systems</Filter>
    </ClInclude>
  </ItemGroup>
</Project>